
Microsoft Visual Studio Solution File, Format Version 12.00
# Visual Studio Version 16
VisualStudioVersion = 16.0.29306.81
MinimumVisualStudioVersion = 10.0.40219.1
Project("{FAE04EC0-301F-11D3-BF4B-00C04F79EFBC}") = "Grif", "Grif\Grif.csproj", "{859BF623-2768-4531-9C4B-0915A53E7616}"
EndProject
Global
	GlobalSection(SolutionConfigurationPlatforms) = preSolution
		Debug|Any CPU = Debug|Any CPU
		Release|Any CPU = Release|Any CPU
	EndGlobalSection
	GlobalSection(ProjectConfigurationPlatforms) = postSolution
		{859BF623-2768-4531-9C4B-0915A53E7616}.Debug|Any CPU.ActiveCfg = Debug|Any CPU
		{859BF623-2768-4531-9C4B-0915A53E7616}.Debug|Any CPU.Build.0 = Debug|Any CPU
		{859BF623-2768-4531-9C4B-0915A53E7616}.Release|Any CPU.ActiveCfg = Release|Any CPU
		{859BF623-2768-4531-9C4B-0915A53E7616}.Release|Any CPU.Build.0 = Release|Any CPU
	EndGlobalSection
	GlobalSection(SolutionProperties) = preSolution
		HideSolutionNode = FALSE
	EndGlobalSection
	GlobalSection(ExtensibilityGlobals) = postSolution
		SolutionGuid = {E4BA0217-F4BF-4721-9FFA-891A0E951CF6}
	EndGlobalSection
EndGlobal
